
Microsoft Visual Studio Solution File, Format Version 12.00
# Visual Studio Version 17
VisualStudioVersion = 17.3.32929.385
MinimumVisualStudioVersion = 10.0.40219.1
Project("{9A19103F-16F7-4668-BE54-9A1E7A4F7556}") = "webApiApp", "webApiApp\webApiApp.csproj", "{7E27862B-1D29-4A45-922C-96CDDFDC1A12}"
EndProject
Project("{9A19103F-16F7-4668-BE54-9A1E7A4F7556}") = "RESTfull.Domain", "RESTfull\RESTfull.Domain\RESTfull.Domain.csproj", "{19A02C78-E590-488D-B1FC-DE54B7246962}"
EndProject
Project("{9A19103F-16F7-4668-BE54-9A1E7A4F7556}") = "RESTfull.Infrastructure", "RESTfull\RESTfull.Infrastructure\RESTfull.Infrastructure.csproj", "{77CC7D19-E5BE-4EDD-9F5F-A1F21FBCA745}"
EndProject
Project("{FAE04EC0-301F-11D3-BF4B-00C04F79EFBC}") = "TestHelper", "TestHelper\TestHelper.csproj", "{71F35DD6-A1D0-458F-99F4-CC5EBAD612FE}"
EndProject
Global
	GlobalSection(SolutionConfigurationPlatforms) = preSolution
		Debug|Any CPU = Debug|Any CPU
		Release|Any CPU = Release|Any CPU
	EndGlobalSection
	GlobalSection(ProjectConfigurationPlatforms) = postSolution
		{7E27862B-1D29-4A45-922C-96CDDFDC1A12}.Debug|Any CPU.ActiveCfg = Debug|Any CPU
		{7E27862B-1D29-4A45-922C-96CDDFDC1A12}.Debug|Any CPU.Build.0 = Debug|Any CPU
		{7E27862B-1D29-4A45-922C-96CDDFDC1A12}.Release|Any CPU.ActiveCfg = Release|Any CPU
		{7E27862B-1D29-4A45-922C-96CDDFDC1A12}.Release|Any CPU.Build.0 = Release|Any CPU
		{19A02C78-E590-488D-B1FC-DE54B7246962}.Debug|Any CPU.ActiveCfg = Debug|Any CPU
		{19A02C78-E590-488D-B1FC-DE54B7246962}.Debug|Any CPU.Build.0 = Debug|Any CPU
		{19A02C78-E590-488D-B1FC-DE54B7246962}.Release|Any CPU.ActiveCfg = Release|Any CPU
		{19A02C78-E590-488D-B1FC-DE54B7246962}.Release|Any CPU.Build.0 = Release|Any CPU
		{77CC7D19-E5BE-4EDD-9F5F-A1F21FBCA745}.Debug|Any CPU.ActiveCfg = Debug|Any CPU
		{77CC7D19-E5BE-4EDD-9F5F-A1F21FBCA745}.Debug|Any CPU.Build.0 = Debug|Any CPU
		{77CC7D19-E5BE-4EDD-9F5F-A1F21FBCA745}.Release|Any CPU.ActiveCfg = Release|Any CPU
		{77CC7D19-E5BE-4EDD-9F5F-A1F21FBCA745}.Release|Any CPU.Build.0 = Release|Any CPU
		{71F35DD6-A1D0-458F-99F4-CC5EBAD612FE}.Debug|Any CPU.ActiveCfg = Debug|Any CPU
		{71F35DD6-A1D0-458F-99F4-CC5EBAD612FE}.Debug|Any CPU.Build.0 = Debug|Any CPU
		{71F35DD6-A1D0-458F-99F4-CC5EBAD612FE}.Release|Any CPU.ActiveCfg = Release|Any CPU
		{71F35DD6-A1D0-458F-99F4-CC5EBAD612FE}.Release|Any CPU.Build.0 = Release|Any CPU
	EndGlobalSection
	GlobalSection(SolutionProperties) = preSolution
		HideSolutionNode = FALSE
	EndGlobalSection
	GlobalSection(ExtensibilityGlobals) = postSolution
		SolutionGuid = {52E0D4DD-3B2C-4FCC-88DE-BFFA7DC84802}
	EndGlobalSection
EndGlobal
